
Microsoft Visual Studio Solution File, Format Version 12.00
# Visual Studio Version 16
VisualStudioVersion = 16.0.28922.388
MinimumVisualStudioVersion = 10.0.40219.1
Project("{FAE04EC0-301F-11D3-BF4B-00C04F79EFBC}") = "GreyMatterWeb", "GreyMatterWeb\GreyMatterWeb.csproj", "{C7DA4B04-F474-4573-9AD0-3D064B484281}"
EndProject
Global
	GlobalSection(SolutionConfigurationPlatforms) = preSolution
		Debug|Any CPU = Debug|Any CPU
		Release|Any CPU = Release|Any CPU
	EndGlobalSection
	GlobalSection(ProjectConfigurationPlatforms) = postSolution
		{C7DA4B04-F474-4573-9AD0-3D064B484281}.Debug|Any CPU.ActiveCfg = Debug|Any CPU
		{C7DA4B04-F474-4573-9AD0-3D064B484281}.Debug|Any CPU.Build.0 = Debug|Any CPU
		{C7DA4B04-F474-4573-9AD0-3D064B484281}.Release|Any CPU.ActiveCfg = Release|Any CPU
		{C7DA4B04-F474-4573-9AD0-3D064B484281}.Release|Any CPU.Build.0 = Release|Any CPU
	EndGlobalSection
	GlobalSection(SolutionProperties) = preSolution
		HideSolutionNode = FALSE
	EndGlobalSection
	GlobalSection(ExtensibilityGlobals) = postSolution
		SolutionGuid = {B8B55D0A-29BD-4F2F-BA84-B98121C1EB01}
	EndGlobalSection
EndGlobal
